
Microsoft Visual Studio Solution File, Format Version 12.00
# Visual Studio 15
VisualStudioVersion = 15.0.28307.1778
MinimumVisualStudioVersion = 10.0.40219.1
Project("{FAE04EC0-301F-11D3-BF4B-00C04F79EFBC}") = "Order.Web.UI", "Order.Web.UI\Order.Web.UI.csproj", "{0AA4B259-42DE-41B1-93FD-0B52A22413D3}"
EndProject
Global
	GlobalSection(SolutionConfigurationPlatforms) = preSolution
		Debug|Any CPU = Debug|Any CPU
		Release|Any CPU = Release|Any CPU
	EndGlobalSection
	GlobalSection(ProjectConfigurationPlatforms) = postSolution
		{0AA4B259-42DE-41B1-93FD-0B52A22413D3}.Debug|Any CPU.ActiveCfg = Debug|Any CPU
		{0AA4B259-42DE-41B1-93FD-0B52A22413D3}.Debug|Any CPU.Build.0 = Debug|Any CPU
		{0AA4B259-42DE-41B1-93FD-0B52A22413D3}.Release|Any CPU.ActiveCfg = Release|Any CPU
		{0AA4B259-42DE-41B1-93FD-0B52A22413D3}.Release|Any CPU.Build.0 = Release|Any CPU
	EndGlobalSection
	GlobalSection(SolutionProperties) = preSolution
		HideSolutionNode = FALSE
	EndGlobalSection
	GlobalSection(ExtensibilityGlobals) = postSolution
		SolutionGuid = {6F9F9C9C-5F83-40DC-BDD5-7703A49D14EC}
	EndGlobalSection
EndGlobal
